
Microsoft Visual Studio Solution File, Format Version 12.00
# Visual Studio Version 17
VisualStudioVersion = 17.11.35312.102
MinimumVisualStudioVersion = 10.0.40219.1
Project("{FAE04EC0-301F-11D3-BF4B-00C04F79EFBC}") = "BibliotecaBryanRivas", "BibliotecaBryanRivas\BibliotecaBryanRivas.csproj", "{104600DD-20DC-4025-AB94-BEE9590B77B3}"
EndProject
Global
	GlobalSection(SolutionConfigurationPlatforms) = preSolution
		Debug|Any CPU = Debug|Any CPU
		Release|Any CPU = Release|Any CPU
	EndGlobalSection
	GlobalSection(ProjectConfigurationPlatforms) = postSolution
		{104600DD-20DC-4025-AB94-BEE9590B77B3}.Debug|Any CPU.ActiveCfg = Debug|Any CPU
		{104600DD-20DC-4025-AB94-BEE9590B77B3}.Debug|Any CPU.Build.0 = Debug|Any CPU
		{104600DD-20DC-4025-AB94-BEE9590B77B3}.Debug|Any CPU.Deploy.0 = Debug|Any CPU
		{104600DD-20DC-4025-AB94-BEE9590B77B3}.Release|Any CPU.ActiveCfg = Release|Any CPU
		{104600DD-20DC-4025-AB94-BEE9590B77B3}.Release|Any CPU.Build.0 = Release|Any CPU
		{104600DD-20DC-4025-AB94-BEE9590B77B3}.Release|Any CPU.Deploy.0 = Release|Any CPU
	EndGlobalSection
	GlobalSection(SolutionProperties) = preSolution
		HideSolutionNode = FALSE
	EndGlobalSection
	GlobalSection(ExtensibilityGlobals) = postSolution
		SolutionGuid = {00A0ACE2-37BC-40FA-891E-78EB72F60692}
	EndGlobalSection
EndGlobal
